// !$*UTF8*$!
{
	archiveVersion = 1;
	classes = {
	};
	objectVersion = 56;
	objects = {

/* Begin PBXBuildFile section */
		CFFD2F1E2C0757EC009EE2EE /* AppDelegate.swift in Sources */ = {isa = PBXBuildFile; fileRef = CFFD2F1D2C0757EC009EE2EE /* AppDelegate.swift */; };
		CFFD2F202C0757EC009EE2EE /* SceneDelegate.swift in Sources */ = {isa = PBXBuildFile; fileRef = CFFD2F1F2C0757EC009EE2EE /* SceneDelegate.swift */; };
		CFFD2F222C0757EC009EE2EE /* ViewController.swift in Sources */ = {isa = PBXBuildFile; fileRef = CFFD2F212C0757EC009EE2EE /* ViewController.swift */; };
		CFFD2F252C0757EC009EE2EE /* Base in Resources */ = {isa = PBXBuildFile; fileRef = CFFD2F242C0757EC009EE2EE /* Base */; };
		CFFD2F272C0757ED009EE2EE /* Assets.xcassets in Resources */ = {isa = PBXBuildFile; fileRef = CFFD2F262C0757ED009EE2EE /* Assets.xcassets */; };
		CFFD2F2A2C0757ED009EE2EE /* Base in Resources */ = {isa = PBXBuildFile; fileRef = CFFD2F292C0757ED009EE2EE /* Base */; };
		CFFD2F352C0757ED009EE2EE /* CatchTheKennyGameTests.swift in Sources */ = {isa = PBXBuildFile; fileRef = CFFD2F342C0757ED009EE2EE /* CatchTheKennyGameTests.swift */; };
		CFFD2F3F2C0757ED009EE2EE /* CatchTheKennyGameUITests.swift in Sources */ = {isa = PBXBuildFile; fileRef = CFFD2F3E2C0757ED009EE2EE /* CatchTheKennyGameUITests.swift */; };
		CFFD2F412C0757ED009EE2EE /* CatchTheKennyGameUITestsLaunchTests.swift in Sources */ = {isa = PBXBuildFile; fileRef = CFFD2F402C0757ED009EE2EE /* CatchTheKennyGameUITestsLaunchTests.swift */; };
/* End PBXBuildFile section */

/* Begin PBXContainerItemProxy section */
		CFFD2F312C0757ED009EE2EE /* PBXContainerItemProxy */ = {
			isa = PBXContainerItemProxy;
			containerPortal = CFFD2F122C0757EC009EE2EE /* Project object */;
			proxyType = 1;
			remoteGlobalIDString = CFFD2F192C0757EC009EE2EE;
			remoteInfo = CatchTheKennyGame;
		};
		CFFD2F3B2C0757ED009EE2EE /* PBXContainerItemProxy */ = {
			isa = PBXContainerItemProxy;
			containerPortal = CFFD2F122C0757EC009EE2EE /* Project object */;
			proxyType = 1;
			remoteGlobalIDString = CFFD2F192C0757EC009EE2EE;
			remoteInfo = CatchTheKennyGame;
		};
/* End PBXContainerItemProxy section */

/* Begin PBXFileReference section */
		CFFD2F1A2C0757EC009EE2EE /* CatchTheKennyGame.app */ = {isa = PBXFileReference; explicitFileType = wrapper.application; includeInIndex = 0; path = CatchTheKennyGame.app; sourceTree = BUILT_PRODUCTS_DIR; };
		CFFD2F1D2C0757EC009EE2EE /* AppDelegate.swift */ = {isa = PBXFileReference; lastKnownFileType = sourcecode.swift; path = AppDelegate.swift; sourceTree = "<group>"; };
		CFFD2F1F2C0757EC009EE2EE /* SceneDelegate.swift */ = {isa = PBXFileReference; lastKnownFileType = sourcecode.swift; path = SceneDelegate.swift; sourceTree = "<group>"; };
		CFFD2F212C0757EC009EE2EE /* ViewController.swift */ = {isa = PBXFileReference; lastKnownFileType = sourcecode.swift; path = ViewController.swift; sourceTree = "<group>"; };
		CFFD2F242C0757EC009EE2EE /* Base */ = {isa = PBXFileReference; lastKnownFileType = file.storyboard; name = Base; path = Base.lproj/Main.storyboard; sourceTree = "<group>"; };
		CFFD2F262C0757ED009EE2EE /* Assets.xcassets */ = {isa = PBXFileReference; lastKnownFileType = folder.assetcatalog; path = Assets.xcassets; sourceTree = "<group>"; };
		CFFD2F292C0757ED009EE2EE /* Base */ = {isa = PBXFileReference; lastKnownFileType = file.storyboard; name = Base; path = Base.lproj/LaunchScreen.storyboard; sourceTree = "<group>"; };
		CFFD2F2B2C0757ED009EE2EE /* Info.plist */ = {isa = PBXFileReference; lastKnownFileType = text.plist.xml; path = Info.plist; sourceTree = "<group>"; };
		CFFD2F302C0757ED009EE2EE /* CatchTheKennyGameTests.xctest */ = {isa = PBXFileReference; explicitFileType = wrapper.cfbundle; includeInIndex = 0; path = CatchTheKennyGameTests.xctest; sourceTree = BUILT_PRODUCTS_DIR; };
		CFFD2F342C0757ED009EE2EE /* CatchTheKennyGameTests.swift */ = {isa = PBXFileReference; lastKnownFileType = sourcecode.swift; path = CatchTheKennyGameTests.swift; sourceTree = "<group>"; };
		CFFD2F3A2C0757ED009EE2EE /* CatchTheKennyGameUITests.xctest */ = {isa = PBXFileReference; explicitFileType = wrapper.cfbundle; includeInIndex = 0; path = CatchTheKennyGameUITests.xctest; sourceTree = BUILT_PRODUCTS_DIR; };
		CFFD2F3E2C0757ED009EE2EE /* CatchTheKennyGameUITests.swift */ = {isa = PBXFileReference; lastKnownFileType = sourcecode.swift; path = CatchTheKennyGameUITests.swift; sourceTree = "<group>"; };
		CFFD2F402C0757ED009EE2EE /* CatchTheKennyGameUITestsLaunchTests.swift */ = {isa = PBXFileReference; lastKnownFileType = sourcecode.swift; path = CatchTheKennyGameUITestsLaunchTests.swift; sourceTree = "<group>"; };
/* End PBXFileReference section */

/* Begin PBXFrameworksBuildPhase section */
		CFFD2F172C0757EC009EE2EE /* Frameworks */ = {
			isa = PBXFrameworksBuildPhase;
			buildActionMask = 2147483647;
			files = (
			);
			runOnlyForDeploymentPostprocessing = 0;
		};
		CFFD2F2D2C0757ED009EE2EE /* Frameworks */ = {
			isa = PBXFrameworksBuildPhase;
			buildActionMask = 2147483647;
			files = (
			);
			runOnlyForDeploymentPostprocessing = 0;
		};
		CFFD2F372C0757ED009EE2EE /* Frameworks */ = {
			isa = PBXFrameworksBuildPhase;
			buildActionMask = 2147483647;
			files = (
			);
			runOnlyForDeploymentPostprocessing = 0;
		};
/* End PBXFrameworksBuildPhase section */

/* Begin PBXGroup section */
		CFFD2F112C0757EC009EE2EE = {
			isa = PBXGroup;
			children = (
				CFFD2F1C2C0757EC009EE2EE /* CatchTheKennyGame */,
				CFFD2F332C0757ED009EE2EE /* CatchTheKennyGameTests */,
				CFFD2F3D2C0757ED009EE2EE /* CatchTheKennyGameUITests */,
				CFFD2F1B2C0757EC009EE2EE /* Products */,
			);
			sourceTree = "<group>";
		};
		CFFD2F1B2C0757EC009EE2EE /* Products */ = {
			isa = PBXGroup;
			children = (
				CFFD2F1A2C0757EC009EE2EE /* CatchTheKennyGame.app */,
				CFFD2F302C0757ED009EE2EE /* CatchTheKennyGameTests.xctest */,
				CFFD2F3A2C0757ED009EE2EE /* CatchTheKennyGameUITests.xctest */,
			);
			name = Products;
			sourceTree = "<group>";
		};
		CFFD2F1C2C0757EC009EE2EE /* CatchTheKennyGame */ = {
			isa = PBXGroup;
			children = (
				CFFD2F1D2C0757EC009EE2EE /* AppDelegate.swift */,
				CFFD2F1F2C0757EC009EE2EE /* SceneDelegate.swift */,
				CFFD2F212C0757EC009EE2EE /* ViewController.swift */,
				CFFD2F232C0757EC009EE2EE /* Main.storyboard */,
				CFFD2F262C0757ED009EE2EE /* Assets.xcassets */,
				CFFD2F282C0757ED009EE2EE /* LaunchScreen.storyboard */,
				CFFD2F2B2C0757ED009EE2EE /* Info.plist */,
			);
			path = CatchTheKennyGame;
			sourceTree = "<group>";
		};
		CFFD2F332C0757ED009EE2EE /* CatchTheKennyGameTests */ = {
			isa = PBXGroup;
			children = (
				CFFD2F342C0757ED009EE2EE /* CatchTheKennyGameTests.swift */,
			);
			path = CatchTheKennyGameTests;
			sourceTree = "<group>";
		};
		CFFD2F3D2C0757ED009EE2EE /* CatchTheKennyGameUITests */ = {
			isa = PBXGroup;
			children = (
				CFFD2F3E2C0757ED009EE2EE /* CatchTheKennyGameUITests.swift */,
				CFFD2F402C0757ED009EE2EE /* CatchTheKennyGameUITestsLaunchTests.swift */,
			);
			path = CatchTheKennyGameUITests;
			sourceTree = "<group>";
		};
/* End PBXGroup section */

/* Begin PBXNativeTarget section */
		CFFD2F192C0757EC009EE2EE /* CatchTheKennyGame */ = {
			isa = PBXNativeTarget;
			buildConfigurationList = CFFD2F442C0757ED009EE2EE /* Build configuration list for PBXNativeTarget "CatchTheKennyGame" */;
			buildPhases = (
				CFFD2F162C0757EC009EE2EE /* Sources */,
				CFFD2F172C0757EC009EE2EE /* Frameworks */,
				CFFD2F182C0757EC009EE2EE /* Resources */,
			);
			buildRules = (
			);
			dependencies = (
			);
			name = CatchTheKennyGame;
			productName = CatchTheKennyGame;
			productReference = CFFD2F1A2C0757EC009EE2EE /* CatchTheKennyGame.app */;
			productType = "com.apple.product-type.application";
		};
		CFFD2F2F2C0757ED009EE2EE /* CatchTheKennyGameTests */ = {
			isa = PBXNativeTarget;
			buildConfigurationList = CFFD2F472C0757ED009EE2EE /* Build configuration list for PBXNativeTarget "CatchTheKennyGameTests" */;
			buildPhases = (
				CFFD2F2C2C0757ED009EE2EE /* Sources */,
				CFFD2F2D2C0757ED009EE2EE /* Frameworks */,
				CFFD2F2E2C0757ED009EE2EE /* Resources */,
			);
			buildRules = (
			);
			dependencies = (
				CFFD2F322C0757ED009EE2EE /* PBXTargetDependency */,
			);
			name = CatchTheKennyGameTests;
			productName = CatchTheKennyGameTests;
			productReference = CFFD2F302C0757ED009EE2EE /* CatchTheKennyGameTests.xctest */;
			productType = "com.apple.product-type.bundle.unit-test";
		};
		CFFD2F392C0757ED009EE2EE /* CatchTheKennyGameUITests */ = {
			isa = PBXNativeTarget;
			buildConfigurationList = CFFD2F4A2C0757ED009EE2EE /* Build configuration list for PBXNativeTarget "CatchTheKennyGameUITests" */;
			buildPhases = (
				CFFD2F362C0757ED009EE2EE /* Sources */,
				CFFD2F372C0757ED009EE2EE /* Frameworks */,
				CFFD2F382C0757ED009EE2EE /* Resources */,
			);
			buildRules = (
			);
			dependencies = (
				CFFD2F3C2C0757ED009EE2EE /* PBXTargetDependency */,
			);
			name = CatchTheKennyGameUITests;
			productName = CatchTheKennyGameUITests;
			productReference = CFFD2F3A2C0757ED009EE2EE /* CatchTheKennyGameUITests.xctest */;
			productType = "com.apple.product-type.bundle.ui-testing";
		};
/* End PBXNativeTarget section */

/* Begin PBXProject section */
		CFFD2F122C0757EC009EE2EE /* Project object */ = {
			isa = PBXProject;
			attributes = {
				BuildIndependentTargetsInParallel = 1;
				LastSwiftUpdateCheck = 1540;
				LastUpgradeCheck = 1540;
				TargetAttributes = {
					CFFD2F192C0757EC009EE2EE = {
						CreatedOnToolsVersion = 15.4;
					};
					CFFD2F2F2C0757ED009EE2EE = {
						CreatedOnToolsVersion = 15.4;
						TestTargetID = CFFD2F192C0757EC009EE2EE;
					};
					CFFD2F392C0757ED009EE2EE = {
						CreatedOnToolsVersion = 15.4;
						TestTargetID = CFFD2F192C0757EC009EE2EE;
					};
				};
			};
			buildConfigurationList = CFFD2F152C0757EC009EE2EE /* Build configuration list for PBXProject "CatchTheKennyGame" */;
			compatibilityVersion = "Xcode 14.0";
			developmentRegion = en;
			hasScannedForEncodings = 0;
			knownRegions = (
				en,
				Base,
			);
			mainGroup = CFFD2F112C0757EC009EE2EE;
			productRefGroup = CFFD2F1B2C0757EC009EE2EE /* Products */;
			projectDirPath = "";
			projectRoot = "";
			targets = (
				CFFD2F192C0757EC009EE2EE /* CatchTheKennyGame */,
				CFFD2F2F2C0757ED009EE2EE /* CatchTheKennyGameTests */,
				CFFD2F392C0757ED009EE2EE /* CatchTheKennyGameUITests */,
			);
		};
/* End PBXProject section */

/* Begin PBXResourcesBuildPhase section */
		CFFD2F182C0757EC009EE2EE /* Resources */ = {
			isa = PBXResourcesBuildPhase;
			buildActionMask = 2147483647;
			files = (
				CFFD2F272C0757ED009EE2EE /* Assets.xcassets in Resources */,
				CFFD2F2A2C0757ED009EE2EE /* Base in Resources */,
				CFFD2F252C0757EC009EE2EE /* Base in Resources */,
			);
			runOnlyForDeploymentPostprocessing = 0;
		};
		CFFD2F2E2C0757ED009EE2EE /* Resources */ = {
			isa = PBXResourcesBuildPhase;
			buildActionMask = 2147483647;
			files = (
			);
			runOnlyForDeploymentPostprocessing = 0;
		};
		CFFD2F382C0757ED009EE2EE /* Resources */ = {
			isa = PBXResourcesBuildPhase;
			buildActionMask = 2147483647;
			files = (
			);
			runOnlyForDeploymentPostprocessing = 0;
		};
/* End PBXResourcesBuildPhase section */

/* Begin PBXSourcesBuildPhase section */
		CFFD2F162C0757EC009EE2EE /* Sources */ = {
			isa = PBXSourcesBuildPhase;
			buildActionMask = 2147483647;
			files = (
				CFFD2F222C0757EC009EE2EE /* ViewController.swift in Sources */,
				CFFD2F1E2C0757EC009EE2EE /* AppDelegate.swift in Sources */,
				CFFD2F202C0757EC009EE2EE /* SceneDelegate.swift in Sources */,
			);
			runOnlyForDeploymentPostprocessing = 0;
		};
		CFFD2F2C2C0757ED009EE2EE /* Sources */ = {
			isa = PBXSourcesBuildPhase;
			buildActionMask = 2147483647;
			files = (
				CFFD2F352C0757ED009EE2EE /* CatchTheKennyGameTests.swift in Sources */,
			);
			runOnlyForDeploymentPostprocessing = 0;
		};
		CFFD2F362C0757ED009EE2EE /* Sources */ = {
			isa = PBXSourcesBuildPhase;
			buildActionMask = 2147483647;
			files = (
				CFFD2F412C0757ED009EE2EE /* CatchTheKennyGameUITestsLaunchTests.swift in Sources */,
				CFFD2F3F2C0757ED009EE2EE /* CatchTheKennyGameUITests.swift in Sources */,
			);
			runOnlyForDeploymentPostprocessing = 0;
		};
/* End PBXSourcesBuildPhase section */

/* Begin PBXTargetDependency section */
		CFFD2F322C0757ED009EE2EE /* PBXTargetDependency */ = {
			isa = PBXTargetDependency;
			target = CFFD2F192C0757EC009EE2EE /* CatchTheKennyGame */;
			targetProxy = CFFD2F312C0757ED009EE2EE /* PBXContainerItemProxy */;
		};
		CFFD2F3C2C0757ED009EE2EE /* PBXTargetDependency */ = {
			isa = PBXTargetDependency;
			target = CFFD2F192C0757EC009EE2EE /* CatchTheKennyGame */;
			targetProxy = CFFD2F3B2C0757ED009EE2EE /* PBXContainerItemProxy */;
		};
/* End PBXTargetDependency section */

/* Begin PBXVariantGroup section */
		CFFD2F232C0757EC009EE2EE /* Main.storyboard */ = {
			isa = PBXVariantGroup;
			children = (
				CFFD2F242C0757EC009EE2EE /* Base */,
			);
			name = Main.storyboard;
			sourceTree = "<group>";
		};
		CFFD2F282C0757ED009EE2EE /* LaunchScreen.storyboard */ = {
			isa = PBXVariantGroup;
			children = (
				CFFD2F292C0757ED009EE2EE /* Base */,
			);
			name = LaunchScreen.storyboard;
			sourceTree = "<group>";
		};
/* End PBXVariantGroup section */

/* Begin XCBuildConfiguration section */
		CFFD2F422C0757ED009EE2EE /* Debug */ = {
			isa = XCBuildConfiguration;
			buildSettings = {
				ALWAYS_SEARCH_USER_PATHS = NO;
				ASSETCATALOG_COMPILER_GENERATE_SWIFT_ASSET_SYMBOL_EXTENSIONS = YES;
				CLANG_ANALYZER_NONNULL = YES;
				CLANG_ANALYZER_NUMBER_OBJECT_CONVERSION = YES_AGGRESSIVE;
				CLANG_CXX_LANGUAGE_STANDARD = "gnu++20";
				CLANG_ENABLE_MODULES = YES;
				CLANG_ENABLE_OBJC_ARC = YES;
				CLANG_ENABLE_OBJC_WEAK = YES;
				CLANG_WARN_BLOCK_CAPTURE_AUTORELEASING = YES;
				CLANG_WARN_BOOL_CONVERSION = YES;
				CLANG_WARN_COMMA = YES;
				CLANG_WARN_CONSTANT_CONVERSION = YES;
				CLANG_WARN_DEPRECATED_OBJC_IMPLEMENTATIONS = YES;
				CLANG_WARN_DIRECT_OBJC_ISA_USAGE = YES_ERROR;
				CLANG_WARN_DOCUMENTATION_COMMENTS = YES;
				CLANG_WARN_EMPTY_BODY = YES;
				CLANG_WARN_ENUM_CONVERSION = YES;
				CLANG_WARN_INFINITE_RECURSION = YES;
				CLANG_WARN_INT_CONVERSION = YES;
				CLANG_WARN_NON_LITERAL_NULL_CONVERSION = YES;
				CLANG_WARN_OBJC_IMPLICIT_RETAIN_SELF = YES;
				CLANG_WARN_OBJC_LITERAL_CONVERSION = YES;
				CLANG_WARN_OBJC_ROOT_CLASS = YES_ERROR;
				CLANG_WARN_QUOTED_INCLUDE_IN_FRAMEWORK_HEADER = YES;
				CLANG_WARN_RANGE_LOOP_ANALYSIS = YES;
				CLANG_WARN_STRICT_PROTOTYPES = YES;
				CLANG_WARN_SUSPICIOUS_MOVE = YES;
				CLANG_WARN_UNGUARDED_AVAILABILITY = YES_AGGRESSIVE;
				CLANG_WARN_UNREACHABLE_CODE = YES;
				CLANG_WARN__DUPLICATE_METHOD_MATCH = YES;
				COPY_PHASE_STRIP = NO;
				DEBUG_INFORMATION_FORMAT = dwarf;
				ENABLE_STRICT_OBJC_MSGSEND = YES;
				ENABLE_TESTABILITY = YES;
				ENABLE_USER_SCRIPT_SANDBOXING = YES;
				GCC_C_LANGUAGE_STANDARD = gnu17;
				GCC_DYNAMIC_NO_PIC = NO;
				GCC_NO_COMMON_BLOCKS = YES;
				GCC_OPTIMIZATION_LEVEL = 0;
				GCC_PREPROCESSOR_DEFINITIONS = (
					"DEBUG=1",
					"$(inherited)",
				);
				GCC_WARN_64_TO_32_BIT_CONVERSION = YES;
				GCC_WARN_ABOUT_RETURN_TYPE = YES_ERROR;
				GCC_WARN_UNDECLARED_SELECTOR = YES;
				GCC_WARN_UNINITIALIZED_AUTOS = YES_AGGRESSIVE;
				GCC_WARN_UNUSED_FUNCTION = YES;
				GCC_WARN_UNUSED_VARIABLE = YES;
				IPHONEOS_DEPLOYMENT_TARGET = 17.5;
				LOCALIZATION_PREFERS_STRING_CATALOGS = YES;
				MTL_ENABLE_DEBUG_INFO = INCLUDE_SOURCE;
				MTL_FAST_MATH = YES;
				ONLY_ACTIVE_ARCH = YES;
				SDKROOT = iphoneos;
				SWIFT_ACTIVE_COMPILATION_CONDITIONS = "DEBUG $(inherited)";
				SWIFT_OPTIMIZATION_LEVEL = "-Onone";
			};
			name = Debug;
		};
		CFFD2F432C0757ED009EE2EE /* Release */ = {
			isa = XCBuildConfiguration;
			buildSettings = {
				ALWAYS_SEARCH_USER_PATHS = NO;
				ASSETCATALOG_COMPILER_GENERATE_SWIFT_ASSET_SYMBOL_EXTENSIONS = YES;
				CLANG_ANALYZER_NONNULL = YES;
				CLANG_ANALYZER_NUMBER_OBJECT_CONVERSION = YES_AGGRESSIVE;
				CLANG_CXX_LANGUAGE_STANDARD = "gnu++20";
				CLANG_ENABLE_MODULES = YES;
				CLANG_ENABLE_OBJC_ARC = YES;
				CLANG_ENABLE_OBJC_WEAK = YES;
				CLANG_WARN_BLOCK_CAPTURE_AUTORELEASING = YES;
				CLANG_WARN_BOOL_CONVERSION = YES;
				CLANG_WARN_COMMA = YES;
				CLANG_WARN_CONSTANT_CONVERSION = YES;
				CLANG_WARN_DEPRECATED_OBJC_IMPLEMENTATIONS = YES;
				CLANG_WARN_DIRECT_OBJC_ISA_USAGE = YES_ERROR;
				CLANG_WARN_DOCUMENTATION_COMMENTS = YES;
				CLANG_WARN_EMPTY_BODY = YES;
				CLANG_WARN_ENUM_CONVERSION = YES;
				CLANG_WARN_INFINITE_RECURSION = YES;
				CLANG_WARN_INT_CONVERSION = YES;
				CLANG_WARN_NON_LITERAL_NULL_CONVERSION = YES;
				CLANG_WARN_OBJC_IMPLICIT_RETAIN_SELF = YES;
				CLANG_WARN_OBJC_LITERAL_CONVERSION = YES;
				CLANG_WARN_OBJC_ROOT_CLASS = YES_ERROR;
				CLANG_WARN_QUOTED_INCLUDE_IN_FRAMEWORK_HEADER = YES;
				CLANG_WARN_RANGE_LOOP_ANALYSIS = YES;
				CLANG_WARN_STRICT_PROTOTYPES = YES;
				CLANG_WARN_SUSPICIOUS_MOVE = YES;
				CLANG_WARN_UNGUARDED_AVAILABILITY = YES_AGGRESSIVE;
				CLANG_WARN_UNREACHABLE_CODE = YES;
				CLANG_WARN__DUPLICATE_METHOD_MATCH = YES;
				COPY_PHASE_STRIP = NO;
				DEBUG_INFORMATION_FORMAT = "dwarf-with-dsym";
				ENABLE_NS_ASSERTIONS = NO;
				ENABLE_STRICT_OBJC_MSGSEND = YES;
				ENABLE_USER_SCRIPT_SANDBOXING = YES;
				GCC_C_LANGUAGE_STANDARD = gnu17;
				GCC_NO_COMMON_BLOCKS = YES;
				GCC_WARN_64_TO_32_BIT_CONVERSION = YES;
				GCC_WARN_ABOUT_RETURN_TYPE = YES_ERROR;
				GCC_WARN_UNDECLARED_SELECTOR = YES;
				GCC_WARN_UNINITIALIZED_AUTOS = YES_AGGRESSIVE;
				GCC_WARN_UNUSED_FUNCTION = YES;
				GCC_WARN_UNUSED_VARIABLE = YES;
				IPHONEOS_DEPLOYMENT_TARGET = 17.5;
				LOCALIZATION_PREFERS_STRING_CATALOGS = YES;
				MTL_ENABLE_DEBUG_INFO = NO;
				MTL_FAST_MATH = YES;
				SDKROOT = iphoneos;
				SWIFT_COMPILATION_MODE = wholemodule;
				VALIDATE_PRODUCT = YES;
			};
			name = Release;
		};
		CFFD2F452C0757ED009EE2EE /* Debug */ = {
			isa = XCBuildConfiguration;
			buildSettings = {
				ASSETCATALOG_COMPILER_APPICON_NAME = AppIcon;
				ASSETCATALOG_COMPILER_GLOBAL_ACCENT_COLOR_NAME = AccentColor;
				CODE_SIGN_STYLE = Automatic;
				CURRENT_PROJECT_VERSION = 1;
				GENERATE_INFOPLIST_FILE = YES;
				INFOPLIST_FILE = CatchTheKennyGame/Info.plist;
				INFOPLIST_KEY_UIApplicationSupportsIndirectInputEvents = YES;
				INFOPLIST_KEY_UILaunchStoryboardName = LaunchScreen;
				INFOPLIST_KEY_UIMainStoryboardFile = Main;
				INFOPLIST_KEY_UISupportedInterfaceOrientations_iPad = "UIInterfaceOrientationPortrait UIInterfaceOrientationPortraitUpsideDown UIInterfaceOrientationLandscapeLeft UIInterfaceOrientationLandscapeRight";
				INFOPLIST_KEY_UISupportedInterfaceOrientations_iPhone = "UIInterfaceOrientationPortrait UIInterfaceOrientationLandscapeLeft UIInterfaceOrientationLandscapeRight";
				LD_RUNPATH_SEARCH_PATHS = (
					"$(inherited)",
					"@executable_path/Frameworks",
				);
				MARKETING_VERSION = 1.0;
				PRODUCT_BUNDLE_IDENTIFIER = com.mustafadns.CatchTheKennyGame;
				PRODUCT_NAME = "$(TARGET_NAME)";
				SWIFT_EMIT_LOC_STRINGS = YES;
				SWIFT_VERSION = 5.0;
				TARGETED_DEVICE_FAMILY = "1,2";
			};
			name = Debug;
		};
		CFFD2F462C0757ED009EE2EE /* Release */ = {
			isa = XCBuildConfiguration;
			buildSettings = {
				ASSETCATALOG_COMPILER_APPICON_NAME = AppIcon;
				ASSETCATALOG_COMPILER_GLOBAL_ACCENT_COLOR_NAME = AccentColor;
				CODE_SIGN_STYLE = Automatic;
				CURRENT_PROJECT_VERSION = 1;
				GENERATE_INFOPLIST_FILE = YES;
				INFOPLIST_FILE = CatchTheKennyGame/Info.plist;
				INFOPLIST_KEY_UIApplicationSupportsIndirectInputEvents = YES;
				INFOPLIST_KEY_UILaunchStoryboardName = LaunchScreen;
				INFOPLIST_KEY_UIMainStoryboardFile = Main;
				INFOPLIST_KEY_UISupportedInterfaceOrientations_iPad = "UIInterfaceOrientationPortrait UIInterfaceOrientationPortraitUpsideDown UIInterfaceOrientationLandscapeLeft UIInterfaceOrientationLandscapeRight";
				INFOPLIST_KEY_UISupportedInterfaceOrientations_iPhone = "UIInterfaceOrientationPortrait UIInterfaceOrientationLandscapeLeft UIInterfaceOrientationLandscapeRight";
				LD_RUNPATH_SEARCH_PATHS = (
					"$(inherited)",
					"@executable_path/Frameworks",
				);
				MARKETING_VERSION = 1.0;
				PRODUCT_BUNDLE_IDENTIFIER = com.mustafadns.CatchTheKennyGame;
				PRODUCT_NAME = "$(TARGET_NAME)";
				SWIFT_EMIT_LOC_STRINGS = YES;
				SWIFT_VERSION = 5.0;
				TARGETED_DEVICE_FAMILY = "1,2";
			};
			name = Release;
		};
		CFFD2F482C0757ED009EE2EE /* Debug */ = {
			isa = XCBuildConfiguration;
			buildSettings = {
				ALWAYS_EMBED_SWIFT_STANDARD_LIBRARIES = YES;
				BUNDLE_LOADER = "$(TEST_HOST)";
				CODE_SIGN_STYLE = Automatic;
				CURRENT_PROJECT_VERSION = 1;
				GENERATE_INFOPLIST_FILE = YES;
				IPHONEOS_DEPLOYMENT_TARGET = 17.5;
				MARKETING_VERSION = 1.0;
				PRODUCT_BUNDLE_IDENTIFIER = com.mustafadns.CatchTheKennyGameTests;
				PRODUCT_NAME = "$(TARGET_NAME)";
				SWIFT_EMIT_LOC_STRINGS = NO;
				SWIFT_VERSION = 5.0;
				TARGETED_DEVICE_FAMILY = "1,2";
				TEST_HOST = "$(BUILT_PRODUCTS_DIR)/CatchTheKennyGame.app/$(BUNDLE_EXECUTABLE_FOLDER_PATH)/CatchTheKennyGame";
			};
			name = Debug;
		};
		CFFD2F492C0757ED009EE2EE /* Release */ = {
			isa = XCBuildConfiguration;
			buildSettings = {
				ALWAYS_EMBED_SWIFT_STANDARD_LIBRARIES = YES;
				BUNDLE_LOADER = "$(TEST_HOST)";
				CODE_SIGN_STYLE = Automatic;
				CURRENT_PROJECT_VERSION = 1;
				GENERATE_INFOPLIST_FILE = YES;
				IPHONEOS_DEPLOYMENT_TARGET = 17.5;
				MARKETING_VERSION = 1.0;
				PRODUCT_BUNDLE_IDENTIFIER = com.mustafadns.CatchTheKennyGameTests;
				PRODUCT_NAME = "$(TARGET_NAME)";
				SWIFT_EMIT_LOC_STRINGS = NO;
				SWIFT_VERSION = 5.0;
				TARGETED_DEVICE_FAMILY = "1,2";
				TEST_HOST = "$(BUILT_PRODUCTS_DIR)/CatchTheKennyGame.app/$(BUNDLE_EXECUTABLE_FOLDER_PATH)/CatchTheKennyGame";
			};
			name = Release;
		};
		CFFD2F4B2C0757ED009EE2EE /* Debug */ = {
			isa = XCBuildConfiguration;
			buildSettings = {
				ALWAYS_EMBED_SWIFT_STANDARD_LIBRARIES = YES;
				CODE_SIGN_STYLE = Automatic;
				CURRENT_PROJECT_VERSION = 1;
				GENERATE_INFOPLIST_FILE = YES;
				MARKETING_VERSION = 1.0;
				PRODUCT_BUNDLE_IDENTIFIER = com.mustafadns.CatchTheKennyGameUITests;
				PRODUCT_NAME = "$(TARGET_NAME)";
				SWIFT_EMIT_LOC_STRINGS = NO;
				SWIFT_VERSION = 5.0;
				TARGETED_DEVICE_FAMILY = "1,2";
				TEST_TARGET_NAME = CatchTheKennyGame;
			};
			name = Debug;
		};
		CFFD2F4C2C0757ED009EE2EE /* Release */ = {
			isa = XCBuildConfiguration;
			buildSettings = {
				ALWAYS_EMBED_SWIFT_STANDARD_LIBRARIES = YES;
				CODE_SIGN_STYLE = Automatic;
				CURRENT_PROJECT_VERSION = 1;
				GENERATE_INFOPLIST_FILE = YES;
				MARKETING_VERSION = 1.0;
				PRODUCT_BUNDLE_IDENTIFIER = com.mustafadns.CatchTheKennyGameUITests;
				PRODUCT_NAME = "$(TARGET_NAME)";
				SWIFT_EMIT_LOC_STRINGS = NO;
				SWIFT_VERSION = 5.0;
				TARGETED_DEVICE_FAMILY = "1,2";
				TEST_TARGET_NAME = CatchTheKennyGame;
			};
			name = Release;
		};
/* End XCBuildConfiguration section */

/* Begin XCConfigurationList section */
		CFFD2F152C0757EC009EE2EE /* Build configuration list for PBXProject "CatchTheKennyGame" */ = {
			isa = XCConfigurationList;
			buildConfigurations = (
				CFFD2F422C0757ED009EE2EE /* Debug */,
				CFFD2F432C0757ED009EE2EE /* Release */,
			);
			defaultConfigurationIsVisible = 0;
			defaultConfigurationName = Release;
		};
		CFFD2F442C0757ED009EE2EE /* Build configuration list for PBXNativeTarget "CatchTheKennyGame" */ = {
			isa = XCConfigurationList;
			buildConfigurations = (
				CFFD2F452C0757ED009EE2EE /* Debug */,
				CFFD2F462C0757ED009EE2EE /* Release */,
			);
			defaultConfigurationIsVisible = 0;
			defaultConfigurationName = Release;
		};
		CFFD2F472C0757ED009EE2EE /* Build configuration list for PBXNativeTarget "CatchTheKennyGameTests" */ = {
			isa = XCConfigurationList;
			buildConfigurations = (
				CFFD2F482C0757ED009EE2EE /* Debug */,
				CFFD2F492C0757ED009EE2EE /* Release */,
			);
			defaultConfigurationIsVisible = 0;
			defaultConfigurationName = Release;
		};
		CFFD2F4A2C0757ED009EE2EE /* Build configuration list for PBXNativeTarget "CatchTheKennyGameUITests" */ = {
			isa = XCConfigurationList;
			buildConfigurations = (
				CFFD2F4B2C0757ED009EE2EE /* Debug */,
				CFFD2F4C2C0757ED009EE2EE /* Release */,
			);
			defaultConfigurationIsVisible = 0;
			defaultConfigurationName = Release;
		};
/* End XCConfigurationList section */
	};
	rootObject = CFFD2F122C0757EC009EE2EE /* Project object */;
}
